// !$*UTF8*$!
{
	archiveVersion = 1;
	classes = {
	};
	objectVersion = 50;
	objects = {

/* Begin PBXBuildFile section */
		CCCE01DD2460FB3900D1942D /* AppDelegate.swift in Sources */ = {isa = PBXBuildFile; fileRef = CCCE01DC2460FB3900D1942D /* AppDelegate.swift */; };
		CCCE01DF2460FB3900D1942D /* SceneDelegate.swift in Sources */ = {isa = PBXBuildFile; fileRef = CCCE01DE2460FB3900D1942D /* SceneDelegate.swift */; };
		CCCE01E12460FB3900D1942D /* ViewController.swift in Sources */ = {isa = PBXBuildFile; fileRef = CCCE01E02460FB3900D1942D /* ViewController.swift */; };
		CCCE01E42460FB3900D1942D /* Main.storyboard in Resources */ = {isa = PBXBuildFile; fileRef = CCCE01E22460FB3900D1942D /* Main.storyboard */; };
		CCCE01E62460FB3D00D1942D /* Assets.xcassets in Resources */ = {isa = PBXBuildFile; fileRef = CCCE01E52460FB3D00D1942D /* Assets.xcassets */; };
		CCCE01E92460FB3D00D1942D /* LaunchScreen.storyboard in Resources */ = {isa = PBXBuildFile; fileRef = CCCE01E72460FB3D00D1942D /* LaunchScreen.storyboard */; };
		CCCE01F12460FF4800D1942D /* ContactTableViewCell.swift in Sources */ = {isa = PBXBuildFile; fileRef = CCCE01F02460FF4800D1942D /* ContactTableViewCell.swift */; };
		CCCE01F32460FF6B00D1942D /* ContactsTableViewController.swift in Sources */ = {isa = PBXBuildFile; fileRef = CCCE01F22460FF6B00D1942D /* ContactsTableViewController.swift */; };
/* End PBXBuildFile section */

/* Begin PBXFileReference section */
		CCCE01D92460FB3900D1942D /* ios-contacts.app */ = {isa = PBXFileReference; explicitFileType = wrapper.application; includeInIndex = 0; path = "ios-contacts.app"; sourceTree = BUILT_PRODUCTS_DIR; };
		CCCE01DC2460FB3900D1942D /* AppDelegate.swift */ = {isa = PBXFileReference; lastKnownFileType = sourcecode.swift; path = AppDelegate.swift; sourceTree = "<group>"; };
		CCCE01DE2460FB3900D1942D /* SceneDelegate.swift */ = {isa = PBXFileReference; lastKnownFileType = sourcecode.swift; path = SceneDelegate.swift; sourceTree = "<group>"; };
		CCCE01E02460FB3900D1942D /* ViewController.swift */ = {isa = PBXFileReference; lastKnownFileType = sourcecode.swift; path = ViewController.swift; sourceTree = "<group>"; };
		CCCE01E32460FB3900D1942D /* Base */ = {isa = PBXFileReference; lastKnownFileType = file.storyboard; name = Base; path = Base.lproj/Main.storyboard; sourceTree = "<group>"; };
		CCCE01E52460FB3D00D1942D /* Assets.xcassets */ = {isa = PBXFileReference; lastKnownFileType = folder.assetcatalog; path = Assets.xcassets; sourceTree = "<group>"; };
		CCCE01E82460FB3D00D1942D /* Base */ = {isa = PBXFileReference; lastKnownFileType = file.storyboard; name = Base; path = Base.lproj/LaunchScreen.storyboard; sourceTree = "<group>"; };
		CCCE01EA2460FB3D00D1942D /* Info.plist */ = {isa = PBXFileReference; lastKnownFileType = text.plist.xml; path = Info.plist; sourceTree = "<group>"; };
		CCCE01F02460FF4800D1942D /* ContactTableViewCell.swift */ = {isa = PBXFileReference; lastKnownFileType = sourcecode.swift; path = ContactTableViewCell.swift; sourceTree = "<group>"; };
		CCCE01F22460FF6B00D1942D /* ContactsTableViewController.swift */ = {isa = PBXFileReference; lastKnownFileType = sourcecode.swift; path = ContactsTableViewController.swift; sourceTree = "<group>"; };
/* End PBXFileReference section */

/* Begin PBXFrameworksBuildPhase section */
		CCCE01D62460FB3900D1942D /* Frameworks */ = {
			isa = PBXFrameworksBuildPhase;
			buildActionMask = 2147483647;
			files = (
			);
			runOnlyForDeploymentPostprocessing = 0;
		};
/* End PBXFrameworksBuildPhase section */

/* Begin PBXGroup section */
		CCCE01D02460FB3900D1942D = {
			isa = PBXGroup;
			children = (
				CCCE01DB2460FB3900D1942D /* ios-contacts */,
				CCCE01DA2460FB3900D1942D /* Products */,
			);
			sourceTree = "<group>";
		};
		CCCE01DA2460FB3900D1942D /* Products */ = {
			isa = PBXGroup;
			children = (
				CCCE01D92460FB3900D1942D /* ios-contacts.app */,
			);
			name = Products;
			sourceTree = "<group>";
		};
		CCCE01DB2460FB3900D1942D /* ios-contacts */ = {
			isa = PBXGroup;
			children = (
				CCCE01DC2460FB3900D1942D /* AppDelegate.swift */,
				CCCE01DE2460FB3900D1942D /* SceneDelegate.swift */,
				CCCE01E02460FB3900D1942D /* ViewController.swift */,
				CCCE01E22460FB3900D1942D /* Main.storyboard */,
				CCCE01E52460FB3D00D1942D /* Assets.xcassets */,
				CCCE01E72460FB3D00D1942D /* LaunchScreen.storyboard */,
				CCCE01EA2460FB3D00D1942D /* Info.plist */,
				CCCE01F02460FF4800D1942D /* ContactTableViewCell.swift */,
				CCCE01F22460FF6B00D1942D /* ContactsTableViewController.swift */,
			);
			path = "ios-contacts";
			sourceTree = "<group>";
		};
/* End PBXGroup section */

/* Begin PBXNativeTarget section */
		CCCE01D82460FB3900D1942D /* ios-contacts */ = {
			isa = PBXNativeTarget;
			buildConfigurationList = CCCE01ED2460FB3D00D1942D /* Build configuration list for PBXNativeTarget "ios-contacts" */;
			buildPhases = (
				CCCE01D52460FB3900D1942D /* Sources */,
				CCCE01D62460FB3900D1942D /* Frameworks */,
				CCCE01D72460FB3900D1942D /* Resources */,
			);
			buildRules = (
			);
			dependencies = (
			);
			name = "ios-contacts";
			productName = "ios-contacts";
			productReference = CCCE01D92460FB3900D1942D /* ios-contacts.app */;
			productType = "com.apple.product-type.application";
		};
/* End PBXNativeTarget section */

/* Begin PBXProject section */
		CCCE01D12460FB3900D1942D /* Project object */ = {
			isa = PBXProject;
			attributes = {
				LastSwiftUpdateCheck = 1140;
				LastUpgradeCheck = 1140;
				ORGANIZATIONNAME = "Joao Duarte";
				TargetAttributes = {
					CCCE01D82460FB3900D1942D = {
						CreatedOnToolsVersion = 11.4.1;
					};
				};
			};
			buildConfigurationList = CCCE01D42460FB3900D1942D /* Build configuration list for PBXProject "ios-contacts" */;
			compatibilityVersion = "Xcode 9.3";
			developmentRegion = en;
			hasScannedForEncodings = 0;
			knownRegions = (
				en,
				Base,
			);
			mainGroup = CCCE01D02460FB3900D1942D;
			productRefGroup = CCCE01DA2460FB3900D1942D /* Products */;
			projectDirPath = "";
			projectRoot = "";
			targets = (
				CCCE01D82460FB3900D1942D /* ios-contacts */,
			);
		};
/* End PBXProject section */

/* Begin PBXResourcesBuildPhase section */
		CCCE01D72460FB3900D1942D /* Resources */ = {
			isa = PBXResourcesBuildPhase;
			buildActionMask = 2147483647;
			files = (
				CCCE01E92460FB3D00D1942D /* LaunchScreen.storyboard in Resources */,
				CCCE01E62460FB3D00D1942D /* Assets.xcassets in Resources */,
				CCCE01E42460FB3900D1942D /* Main.storyboard in Resources */,
			);
			runOnlyForDeploymentPostprocessing = 0;
		};
/* End PBXResourcesBuildPhase section */

/* Begin PBXSourcesBuildPhase section */
		CCCE01D52460FB3900D1942D /* Sources */ = {
			isa = PBXSourcesBuildPhase;
			buildActionMask = 2147483647;
			files = (
				CCCE01F12460FF4800D1942D /* ContactTableViewCell.swift in Sources */,
				CCCE01E12460FB3900D1942D /* ViewController.swift in Sources */,
				CCCE01F32460FF6B00D1942D /* ContactsTableViewController.swift in Sources */,
				CCCE01DD2460FB3900D1942D /* AppDelegate.swift in Sources */,
				CCCE01DF2460FB3900D1942D /* SceneDelegate.swift in Sources */,
			);
			runOnlyForDeploymentPostprocessing = 0;
		};
/* End PBXSourcesBuildPhase section */

/* Begin PBXVariantGroup section */
		CCCE01E22460FB3900D1942D /* Main.storyboard */ = {
			isa = PBXVariantGroup;
			children = (
				CCCE01E32460FB3900D1942D /* Base */,
			);
			name = Main.storyboard;
			sourceTree = "<group>";
		};
		CCCE01E72460FB3D00D1942D /* LaunchScreen.storyboard */ = {
			isa = PBXVariantGroup;
			children = (
				CCCE01E82460FB3D00D1942D /* Base */,
			);
			name = LaunchScreen.storyboard;
			sourceTree = "<group>";
		};
/* End PBXVariantGroup section */

/* Begin XCBuildConfiguration section */
		CCCE01EB2460FB3D00D1942D /* Debug */ = {
			isa = XCBuildConfiguration;
			buildSettings = {
				ALWAYS_SEARCH_USER_PATHS = NO;
				CLANG_ANALYZER_NONNULL = YES;
				CLANG_ANALYZER_NUMBER_OBJECT_CONVERSION = YES_AGGRESSIVE;
				CLANG_CXX_LANGUAGE_STANDARD = "gnu++14";
				CLANG_CXX_LIBRARY = "libc++";
				CLANG_ENABLE_MODULES = YES;
				CLANG_ENABLE_OBJC_ARC = YES;
				CLANG_ENABLE_OBJC_WEAK = YES;
				CLANG_WARN_BLOCK_CAPTURE_AUTORELEASING = YES;
				CLANG_WARN_BOOL_CONVERSION = YES;
				CLANG_WARN_COMMA = YES;
				CLANG_WARN_CONSTANT_CONVERSION = YES;
				CLANG_WARN_DEPRECATED_OBJC_IMPLEMENTATIONS = YES;
				CLANG_WARN_DIRECT_OBJC_ISA_USAGE = YES_ERROR;
				CLANG_WARN_DOCUMENTATION_COMMENTS = YES;
				CLANG_WARN_EMPTY_BODY = YES;
				CLANG_WARN_ENUM_CONVERSION = YES;
				CLANG_WARN_INFINITE_RECURSION = YES;
				CLANG_WARN_INT_CONVERSION = YES;
				CLANG_WARN_NON_LITERAL_NULL_CONVERSION = YES;
				CLANG_WARN_OBJC_IMPLICIT_RETAIN_SELF = YES;
				CLANG_WARN_OBJC_LITERAL_CONVERSION = YES;
				CLANG_WARN_OBJC_ROOT_CLASS = YES_ERROR;
				CLANG_WARN_RANGE_LOOP_ANALYSIS = YES;
				CLANG_WARN_STRICT_PROTOTYPES = YES;
				CLANG_WARN_SUSPICIOUS_MOVE = YES;
				CLANG_WARN_UNGUARDED_AVAILABILITY = YES_AGGRESSIVE;
				CLANG_WARN_UNREACHABLE_CODE = YES;
				CLANG_WARN__DUPLICATE_METHOD_MATCH = YES;
				COPY_PHASE_STRIP = NO;
				DEBUG_INFORMATION_FORMAT = dwarf;
				ENABLE_STRICT_OBJC_MSGSEND = YES;
				ENABLE_TESTABILITY = YES;
				GCC_C_LANGUAGE_STANDARD = gnu11;
				GCC_DYNAMIC_NO_PIC = NO;
				GCC_NO_COMMON_BLOCKS = YES;
				GCC_OPTIMIZATION_LEVEL = 0;
				GCC_PREPROCESSOR_DEFINITIONS = (
					"DEBUG=1",
					"$(inherited)",
				);
				GCC_WARN_64_TO_32_BIT_CONVERSION = YES;
				GCC_WARN_ABOUT_RETURN_TYPE = YES_ERROR;
				GCC_WARN_UNDECLARED_SELECTOR = YES;
				GCC_WARN_UNINITIALIZED_AUTOS = YES_AGGRESSIVE;
				GCC_WARN_UNUSED_FUNCTION = YES;
				GCC_WARN_UNUSED_VARIABLE = YES;
				IPHONEOS_DEPLOYMENT_TARGET = 13.4;
				MTL_ENABLE_DEBUG_INFO = INCLUDE_SOURCE;
				MTL_FAST_MATH = YES;
				ONLY_ACTIVE_ARCH = YES;
				SDKROOT = iphoneos;
				SWIFT_ACTIVE_COMPILATION_CONDITIONS = DEBUG;
				SWIFT_OPTIMIZATION_LEVEL = "-Onone";
			};
			name = Debug;
		};
		CCCE01EC2460FB3D00D1942D /* Release */ = {
			isa = XCBuildConfiguration;
			buildSettings = {
				ALWAYS_SEARCH_USER_PATHS = NO;
				CLANG_ANALYZER_NONNULL = YES;
				CLANG_ANALYZER_NUMBER_OBJECT_CONVERSION = YES_AGGRESSIVE;
				CLANG_CXX_LANGUAGE_STANDARD = "gnu++14";
				CLANG_CXX_LIBRARY = "libc++";
				CLANG_ENABLE_MODULES = YES;
				CLANG_ENABLE_OBJC_ARC = YES;
				CLANG_ENABLE_OBJC_WEAK = YES;
				CLANG_WARN_BLOCK_CAPTURE_AUTORELEASING = YES;
				CLANG_WARN_BOOL_CONVERSION = YES;
				CLANG_WARN_COMMA = YES;
				CLANG_WARN_CONSTANT_CONVERSION = YES;
				CLANG_WARN_DEPRECATED_OBJC_IMPLEMENTATIONS = YES;
				CLANG_WARN_DIRECT_OBJC_ISA_USAGE = YES_ERROR;
				CLANG_WARN_DOCUMENTATION_COMMENTS = YES;
				CLANG_WARN_EMPTY_BODY = YES;
				CLANG_WARN_ENUM_CONVERSION = YES;
				CLANG_WARN_INFINITE_RECURSION = YES;
				CLANG_WARN_INT_CONVERSION = YES;
				CLANG_WARN_NON_LITERAL_NULL_CONVERSION = YES;
				CLANG_WARN_OBJC_IMPLICIT_RETAIN_SELF = YES;
				CLANG_WARN_OBJC_LITERAL_CONVERSION = YES;
				CLANG_WARN_OBJC_ROOT_CLASS = YES_ERROR;
				CLANG_WARN_RANGE_LOOP_ANALYSIS = YES;
				CLANG_WARN_STRICT_PROTOTYPES = YES;
				CLANG_WARN_SUSPICIOUS_MOVE = YES;
				CLANG_WARN_UNGUARDED_AVAILABILITY = YES_AGGRESSIVE;
				CLANG_WARN_UNREACHABLE_CODE = YES;
				CLANG_WARN__DUPLICATE_METHOD_MATCH = YES;
				COPY_PHASE_STRIP = NO;
				DEBUG_INFORMATION_FORMAT = "dwarf-with-dsym";
				ENABLE_NS_ASSERTIONS = NO;
				ENABLE_STRICT_OBJC_MSGSEND = YES;
				GCC_C_LANGUAGE_STANDARD = gnu11;
				GCC_NO_COMMON_BLOCKS = YES;
				GCC_WARN_64_TO_32_BIT_CONVERSION = YES;
				GCC_WARN_ABOUT_RETURN_TYPE = YES_ERROR;
				GCC_WARN_UNDECLARED_SELECTOR = YES;
				GCC_WARN_UNINITIALIZED_AUTOS = YES_AGGRESSIVE;
				GCC_WARN_UNUSED_FUNCTION = YES;
				GCC_WARN_UNUSED_VARIABLE = YES;
				IPHONEOS_DEPLOYMENT_TARGET = 13.4;
				MTL_ENABLE_DEBUG_INFO = NO;
				MTL_FAST_MATH = YES;
				SDKROOT = iphoneos;
				SWIFT_COMPILATION_MODE = wholemodule;
				SWIFT_OPTIMIZATION_LEVEL = "-O";
				VALIDATE_PRODUCT = YES;
			};
			name = Release;
		};
		CCCE01EE2460FB3D00D1942D /* Debug */ = {
			isa = XCBuildConfiguration;
			buildSettings = {
				ASSETCATALOG_COMPILER_APPICON_NAME = AppIcon;
				CODE_SIGN_STYLE = Automatic;
				INFOPLIST_FILE = "ios-contacts/Info.plist";
				LD_RUNPATH_SEARCH_PATHS = (
					"$(inherited)",
					"@executable_path/Frameworks",
				);
				PRODUCT_BUNDLE_IDENTIFIER = "duarte.ios-contacts";
				PRODUCT_NAME = "$(TARGET_NAME)";
				SWIFT_VERSION = 5.0;
				TARGETED_DEVICE_FAMILY = "1,2";
			};
			name = Debug;
		};
		CCCE01EF2460FB3D00D1942D /* Release */ = {
			isa = XCBuildConfiguration;
			buildSettings = {
				ASSETCATALOG_COMPILER_APPICON_NAME = AppIcon;
				CODE_SIGN_STYLE = Automatic;
				INFOPLIST_FILE = "ios-contacts/Info.plist";
				LD_RUNPATH_SEARCH_PATHS = (
					"$(inherited)",
					"@executable_path/Frameworks",
				);
				PRODUCT_BUNDLE_IDENTIFIER = "duarte.ios-contacts";
				PRODUCT_NAME = "$(TARGET_NAME)";
				SWIFT_VERSION = 5.0;
				TARGETED_DEVICE_FAMILY = "1,2";
			};
			name = Release;
		};
/* End XCBuildConfiguration section */

/* Begin XCConfigurationList section */
		CCCE01D42460FB3900D1942D /* Build configuration list for PBXProject "ios-contacts" */ = {
			isa = XCConfigurationList;
			buildConfigurations = (
				CCCE01EB2460FB3D00D1942D /* Debug */,
				CCCE01EC2460FB3D00D1942D /* Release */,
			);
			defaultConfigurationIsVisible = 0;
			defaultConfigurationName = Release;
		};
		CCCE01ED2460FB3D00D1942D /* Build configuration list for PBXNativeTarget "ios-contacts" */ = {
			isa = XCConfigurationList;
			buildConfigurations = (
				CCCE01EE2460FB3D00D1942D /* Debug */,
				CCCE01EF2460FB3D00D1942D /* Release */,
			);
			defaultConfigurationIsVisible = 0;
			defaultConfigurationName = Release;
		};
/* End XCConfigurationList section */
	};
	rootObject = CCCE01D12460FB3900D1942D /* Project object */;
}
